Microsoft Visual Studio Solution File, Format Version 12.00
# Visual Studio 2012
Project("{FAE04EC0-301F-11D3-BF4B-00C04F79EFBC}") = "Dice Tactics", "Dice Tactics.csproj", "{592BF986-949F-4BF5-A5AD-8933D4C969CC}"
EndProject
Global
	GlobalSection(SolutionConfigurationPlatforms) = preSolution
	Debug|Any CPU = Debug|Any CPU
	ExportDebug|Any CPU = ExportDebug|Any CPU
	ExportRelease|Any CPU = ExportRelease|Any CPU
	EndGlobalSection
	GlobalSection(ProjectConfigurationPlatforms) = postSolution
		{592BF986-949F-4BF5-A5AD-8933D4C969CC}.Debug|Any CPU.ActiveCfg = Debug|Any CPU
		{592BF986-949F-4BF5-A5AD-8933D4C969CC}.Debug|Any CPU.Build.0 = Debug|Any CPU
		{592BF986-949F-4BF5-A5AD-8933D4C969CC}.ExportDebug|Any CPU.ActiveCfg = ExportDebug|Any CPU
		{592BF986-949F-4BF5-A5AD-8933D4C969CC}.ExportDebug|Any CPU.Build.0 = ExportDebug|Any CPU
		{592BF986-949F-4BF5-A5AD-8933D4C969CC}.ExportRelease|Any CPU.ActiveCfg = ExportRelease|Any CPU
		{592BF986-949F-4BF5-A5AD-8933D4C969CC}.ExportRelease|Any CPU.Build.0 = ExportRelease|Any CPU
	EndGlobalSection
EndGlobal
